
Microsoft Visual Studio Solution File, Format Version 12.00
# Visual Studio Version 16
VisualStudioVersion = 16.0.29418.71
MinimumVisualStudioVersion = 10.0.40219.1
Project("{9A19103F-16F7-4668-BE54-9A1E7A4F7556}") = "NewsProject", "NewsProject\NewsProject.csproj", "{64EE9771-D86A-464E-B63B-A0545F45A992}"
EndProject
Project("{2150E333-8FDC-42A3-9474-1A3956D46DE8}") = "test", "test", "{C3505F2D-F3D5-49C6-84D8-1EEC38827084}"
EndProject
Project("{FAE04EC0-301F-11D3-BF4B-00C04F79EFBC}") = "NewsProject.Tests", "NewsProject.Tests\NewsProject.Tests.csproj", "{798E23BD-9C45-4589-93BC-BEE0AAB4E780}"
EndProject
Global
	GlobalSection(SolutionConfigurationPlatforms) = preSolution
		Debug|Any CPU = Debug|Any CPU
		Release|Any CPU = Release|Any CPU
	EndGlobalSection
	GlobalSection(ProjectConfigurationPlatforms) = postSolution
		{64EE9771-D86A-464E-B63B-A0545F45A992}.Debug|Any CPU.ActiveCfg = Debug|Any CPU
		{64EE9771-D86A-464E-B63B-A0545F45A992}.Debug|Any CPU.Build.0 = Debug|Any CPU
		{64EE9771-D86A-464E-B63B-A0545F45A992}.Release|Any CPU.ActiveCfg = Release|Any CPU
		{64EE9771-D86A-464E-B63B-A0545F45A992}.Release|Any CPU.Build.0 = Release|Any CPU
		{798E23BD-9C45-4589-93BC-BEE0AAB4E780}.Debug|Any CPU.ActiveCfg = Debug|Any CPU
		{798E23BD-9C45-4589-93BC-BEE0AAB4E780}.Debug|Any CPU.Build.0 = Debug|Any CPU
		{798E23BD-9C45-4589-93BC-BEE0AAB4E780}.Release|Any CPU.ActiveCfg = Release|Any CPU
		{798E23BD-9C45-4589-93BC-BEE0AAB4E780}.Release|Any CPU.Build.0 = Release|Any CPU
	EndGlobalSection
	GlobalSection(SolutionProperties) = preSolution
		HideSolutionNode = FALSE
	EndGlobalSection
	GlobalSection(NestedProjects) = preSolution
		{798E23BD-9C45-4589-93BC-BEE0AAB4E780} = {C3505F2D-F3D5-49C6-84D8-1EEC38827084}
	EndGlobalSection
	GlobalSection(ExtensibilityGlobals) = postSolution
		SolutionGuid = {839CC21C-42C4-4306-BD98-560326B4DA3E}
	EndGlobalSection
EndGlobal
